
Microsoft Visual Studio Solution File, Format Version 12.00
# Visual Studio Version 16
VisualStudioVersion = 16.0.31129.286
MinimumVisualStudioVersion = 10.0.40219.1
Project("{9A19103F-16F7-4668-BE54-9A1E7A4F7556}") = "API_Admin", "API_Admin\API_Admin.csproj", "{24A5AA68-9CCF-42CB-A8FC-91005F33ACD0}"
EndProject
Project("{9A19103F-16F7-4668-BE54-9A1E7A4F7556}") = "DataAccesLibrary", "DataAccesLibrary\DataAccesLibrary.csproj", "{57AEA488-9661-4C95-977C-10A645200536}"
EndProject
Global
	GlobalSection(SolutionConfigurationPlatforms) = preSolution
		Debug|Any CPU = Debug|Any CPU
		Release|Any CPU = Release|Any CPU
	EndGlobalSection
	GlobalSection(ProjectConfigurationPlatforms) = postSolution
		{24A5AA68-9CCF-42CB-A8FC-91005F33ACD0}.Debug|Any CPU.ActiveCfg = Debug|Any CPU
		{24A5AA68-9CCF-42CB-A8FC-91005F33ACD0}.Debug|Any CPU.Build.0 = Debug|Any CPU
		{24A5AA68-9CCF-42CB-A8FC-91005F33ACD0}.Release|Any CPU.ActiveCfg = Release|Any CPU
		{24A5AA68-9CCF-42CB-A8FC-91005F33ACD0}.Release|Any CPU.Build.0 = Release|Any CPU
		{57AEA488-9661-4C95-977C-10A645200536}.Debug|Any CPU.ActiveCfg = Debug|Any CPU
		{57AEA488-9661-4C95-977C-10A645200536}.Debug|Any CPU.Build.0 = Debug|Any CPU
		{57AEA488-9661-4C95-977C-10A645200536}.Release|Any CPU.ActiveCfg = Release|Any CPU
		{57AEA488-9661-4C95-977C-10A645200536}.Release|Any CPU.Build.0 = Release|Any CPU
	EndGlobalSection
	GlobalSection(SolutionProperties) = preSolution
		HideSolutionNode = FALSE
	EndGlobalSection
	GlobalSection(ExtensibilityGlobals) = postSolution
		SolutionGuid = {87993A3E-77A2-4975-B884-11C27501A9E7}
	EndGlobalSection
EndGlobal
